// !$*UTF8*$!
{
	archiveVersion = 1;
	classes = {
	};
	objectVersion = 50;
	objects = {

/* Begin PBXBuildFile section */
		4707860C2335085E00A6D401 /* NewsViewModel.swift in Sources */ = {isa = PBXBuildFile; fileRef = 4707860B2335085E00A6D401 /* NewsViewModel.swift */; };
		4707860E2335086600A6D401 /* News.swift in Sources */ = {isa = PBXBuildFile; fileRef = 4707860D2335086600A6D401 /* News.swift */; };
		47078610233508F900A6D401 /* NewsDetail.swift in Sources */ = {isa = PBXBuildFile; fileRef = 4707860F233508F900A6D401 /* NewsDetail.swift */; };
		470786132335095100A6D401 /* DetailCell.swift in Sources */ = {isa = PBXBuildFile; fileRef = 470786112335095100A6D401 /* DetailCell.swift */; };
		470786142335095100A6D401 /* DetailCell.xib in Resources */ = {isa = PBXBuildFile; fileRef = 470786122335095100A6D401 /* DetailCell.xib */; };
		471046732334FE030040E088 /* AppDelegate.swift in Sources */ = {isa = PBXBuildFile; fileRef = 471046722334FE030040E088 /* AppDelegate.swift */; };
		471046752334FE030040E088 /* MainVC.swift in Sources */ = {isa = PBXBuildFile; fileRef = 471046742334FE030040E088 /* MainVC.swift */; };
		4710467A2334FE060040E088 /* Assets.xcassets in Resources */ = {isa = PBXBuildFile; fileRef = 471046792334FE060040E088 /* Assets.xcassets */; };
		4710467D2334FE060040E088 /* LaunchScreen.storyboard in Resources */ = {isa = PBXBuildFile; fileRef = 4710467B2334FE060040E088 /* LaunchScreen.storyboard */; };
		5AE7192BEC50726909179226 /* Pods_NousAssesmentProject.framework in Frameworks */ = {isa = PBXBuildFile; fileRef = 022C343AFE1C3E714F74115F /* Pods_NousAssesmentProject.framework */; };
/* End PBXBuildFile section */

/* Begin PBXContainerItemProxy section */
		471046842334FE060040E088 /* PBXContainerItemProxy */ = {
			isa = PBXContainerItemProxy;
			containerPortal = 471046672334FE030040E088 /* Project object */;
			proxyType = 1;
			remoteGlobalIDString = 4710466E2334FE030040E088;
			remoteInfo = NousAssesmentProject;
		};
/* End PBXContainerItemProxy section */

/* Begin PBXFileReference section */
		022C343AFE1C3E714F74115F /* Pods_NousAssesmentProject.framework */ = {isa = PBXFileReference; explicitFileType = wrapper.framework; includeInIndex = 0; path = Pods_NousAssesmentProject.framework; sourceTree = BUILT_PRODUCTS_DIR; };
		4707860B2335085E00A6D401 /* NewsViewModel.swift */ = {isa = PBXFileReference; lastKnownFileType = sourcecode.swift; path = NewsViewModel.swift; sourceTree = "<group>"; };
		4707860D2335086600A6D401 /* News.swift */ = {isa = PBXFileReference; lastKnownFileType = sourcecode.swift; path = News.swift; sourceTree = "<group>"; };
		4707860F233508F900A6D401 /* NewsDetail.swift */ = {isa = PBXFileReference; lastKnownFileType = sourcecode.swift; path = NewsDetail.swift; sourceTree = "<group>"; };
		470786112335095100A6D401 /* DetailCell.swift */ = {isa = PBXFileReference; lastKnownFileType = sourcecode.swift; path = DetailCell.swift; sourceTree = "<group>"; };
		470786122335095100A6D401 /* DetailCell.xib */ = {isa = PBXFileReference; lastKnownFileType = file.xib; path = DetailCell.xib; sourceTree = "<group>"; };
		4710466F2334FE030040E088 /* NousAssesmentProject.app */ = {isa = PBXFileReference; explicitFileType = wrapper.application; includeInIndex = 0; path = NousAssesmentProject.app; sourceTree = BUILT_PRODUCTS_DIR; };
		471046722334FE030040E088 /* AppDelegate.swift */ = {isa = PBXFileReference; lastKnownFileType = sourcecode.swift; path = AppDelegate.swift; sourceTree = "<group>"; };
		471046742334FE030040E088 /* MainVC.swift */ = {isa = PBXFileReference; lastKnownFileType = sourcecode.swift; path = MainVC.swift; sourceTree = "<group>"; };
		471046792334FE060040E088 /* Assets.xcassets */ = {isa = PBXFileReference; lastKnownFileType = folder.assetcatalog; path = Assets.xcassets; sourceTree = "<group>"; };
		4710467C2334FE060040E088 /* Base */ = {isa = PBXFileReference; lastKnownFileType = file.storyboard; name = Base; path = Base.lproj/LaunchScreen.storyboard; sourceTree = "<group>"; };
		4710467E2334FE060040E088 /* Info.plist */ = {isa = PBXFileReference; lastKnownFileType = text.plist.xml; path = Info.plist; sourceTree = "<group>"; };
		471046832334FE060040E088 /* NousAssesmentProjectTests.xctest */ = {isa = PBXFileReference; explicitFileType = wrapper.cfbundle; includeInIndex = 0; path = NousAssesmentProjectTests.xctest; sourceTree = BUILT_PRODUCTS_DIR; };
		C3FDFA290145CBF8A9DA6C14 /* Pods-NousAssesmentProject.debug.xcconfig */ = {isa = PBXFileReference; includeInIndex = 1; lastKnownFileType = text.xcconfig; name = "Pods-NousAssesmentProject.debug.xcconfig"; path = "Pods/Target Support Files/Pods-NousAssesmentProject/Pods-NousAssesmentProject.debug.xcconfig"; sourceTree = "<group>"; };
		FF7E45E0D2DCAA113D210E15 /* Pods-NousAssesmentProject.release.xcconfig */ = {isa = PBXFileReference; includeInIndex = 1; lastKnownFileType = text.xcconfig; name = "Pods-NousAssesmentProject.release.xcconfig"; path = "Pods/Target Support Files/Pods-NousAssesmentProject/Pods-NousAssesmentProject.release.xcconfig"; sourceTree = "<group>"; };
/* End PBXFileReference section */

/* Begin PBXFrameworksBuildPhase section */
		4710466C2334FE030040E088 /* Frameworks */ = {
			isa = PBXFrameworksBuildPhase;
			buildActionMask = 2147483647;
			files = (
				5AE7192BEC50726909179226 /* Pods_NousAssesmentProject.framework in Frameworks */,
			);
			runOnlyForDeploymentPostprocessing = 0;
		};
		471046802334FE060040E088 /* Frameworks */ = {
			isa = PBXFrameworksBuildPhase;
			buildActionMask = 2147483647;
			files = (
			);
			runOnlyForDeploymentPostprocessing = 0;
		};
/* End PBXFrameworksBuildPhase section */

/* Begin PBXGroup section */
		471046662334FE030040E088 = {
			isa = PBXGroup;
			children = (
				471046712334FE030040E088 /* NousAssesmentProject */,
				471046702334FE030040E088 /* Products */,
				A5C6EE1ACB8B0586622EDEDB /* Pods */,
				DAB2825986BF96C8F09753FB /* Frameworks */,
			);
			sourceTree = "<group>";
		};
		471046702334FE030040E088 /* Products */ = {
			isa = PBXGroup;
			children = (
				4710466F2334FE030040E088 /* NousAssesmentProject.app */,
				471046832334FE060040E088 /* NousAssesmentProjectTests.xctest */,
			);
			name = Products;
			sourceTree = "<group>";
		};
		471046712334FE030040E088 /* NousAssesmentProject */ = {
			isa = PBXGroup;
			children = (
				47E7A58C233784990089F70F /* Controller */,
				4710467E2334FE060040E088 /* Info.plist */,
				471046792334FE060040E088 /* Assets.xcassets */,
				471046942335011E0040E088 /* Model */,
				47104693233501180040E088 /* ViewModel */,
				47104692233501100040E088 /* View */,
			);
			path = NousAssesmentProject;
			sourceTree = "<group>";
		};
		47104692233501100040E088 /* View */ = {
			isa = PBXGroup;
			children = (
				4710467B2334FE060040E088 /* LaunchScreen.storyboard */,
				470786122335095100A6D401 /* DetailCell.xib */,
			);
			path = View;
			sourceTree = "<group>";
		};
		47104693233501180040E088 /* ViewModel */ = {
			isa = PBXGroup;
			children = (
				4707860B2335085E00A6D401 /* NewsViewModel.swift */,
			);
			path = ViewModel;
			sourceTree = "<group>";
		};
		471046942335011E0040E088 /* Model */ = {
			isa = PBXGroup;
			children = (
				4707860D2335086600A6D401 /* News.swift */,
				4707860F233508F900A6D401 /* NewsDetail.swift */,
			);
			path = Model;
			sourceTree = "<group>";
		};
		47E7A58C233784990089F70F /* Controller */ = {
			isa = PBXGroup;
			children = (
				471046722334FE030040E088 /* AppDelegate.swift */,
				471046742334FE030040E088 /* MainVC.swift */,
				470786112335095100A6D401 /* DetailCell.swift */,
			);
			path = Controller;
			sourceTree = "<group>";
		};
		A5C6EE1ACB8B0586622EDEDB /* Pods */ = {
			isa = PBXGroup;
			children = (
				C3FDFA290145CBF8A9DA6C14 /* Pods-NousAssesmentProject.debug.xcconfig */,
				FF7E45E0D2DCAA113D210E15 /* Pods-NousAssesmentProject.release.xcconfig */,
			);
			name = Pods;
			sourceTree = "<group>";
		};
		DAB2825986BF96C8F09753FB /* Frameworks */ = {
			isa = PBXGroup;
			children = (
				022C343AFE1C3E714F74115F /* Pods_NousAssesmentProject.framework */,
			);
			name = Frameworks;
			sourceTree = "<group>";
		};
/* End PBXGroup section */

/* Begin PBXNativeTarget section */
		4710466E2334FE030040E088 /* NousAssesmentProject */ = {
			isa = PBXNativeTarget;
			buildConfigurationList = 4710468C2334FE060040E088 /* Build configuration list for PBXNativeTarget "NousAssesmentProject" */;
			buildPhases = (
				53542897017B9AB2B5506AD4 /* [CP] Check Pods Manifest.lock */,
				4710466B2334FE030040E088 /* Sources */,
				4710466C2334FE030040E088 /* Frameworks */,
				4710466D2334FE030040E088 /* Resources */,
				D005B724F148C82258E6178B /* [CP] Embed Pods Frameworks */,
			);
			buildRules = (
			);
			dependencies = (
			);
			name = NousAssesmentProject;
			productName = NousAssesmentProject;
			productReference = 4710466F2334FE030040E088 /* NousAssesmentProject.app */;
			productType = "com.apple.product-type.application";
		};
		471046822334FE060040E088 /* NousAssesmentProjectTests */ = {
			isa = PBXNativeTarget;
			buildConfigurationList = 4710468F2334FE060040E088 /* Build configuration list for PBXNativeTarget "NousAssesmentProjectTests" */;
			buildPhases = (
				4710467F2334FE060040E088 /* Sources */,
				471046802334FE060040E088 /* Frameworks */,
				471046812334FE060040E088 /* Resources */,
			);
			buildRules = (
			);
			dependencies = (
				471046852334FE060040E088 /* PBXTargetDependency */,
			);
			name = NousAssesmentProjectTests;
			productName = NousAssesmentProjectTests;
			productReference = 471046832334FE060040E088 /* NousAssesmentProjectTests.xctest */;
			productType = "com.apple.product-type.bundle.unit-test";
		};
/* End PBXNativeTarget section */

/* Begin PBXProject section */
		471046672334FE030040E088 /* Project object */ = {
			isa = PBXProject;
			attributes = {
				LastSwiftUpdateCheck = 1010;
				LastUpgradeCheck = 1010;
				ORGANIZATIONNAME = "Atalay Asa";
				TargetAttributes = {
					4710466E2334FE030040E088 = {
						CreatedOnToolsVersion = 10.1;
					};
					471046822334FE060040E088 = {
						CreatedOnToolsVersion = 10.1;
						LastSwiftMigration = 1030;
						TestTargetID = 4710466E2334FE030040E088;
					};
				};
			};
			buildConfigurationList = 4710466A2334FE030040E088 /* Build configuration list for PBXProject "NousAssesmentProject" */;
			compatibilityVersion = "Xcode 9.3";
			developmentRegion = en;
			hasScannedForEncodings = 0;
			knownRegions = (
				en,
				Base,
			);
			mainGroup = 471046662334FE030040E088;
			productRefGroup = 471046702334FE030040E088 /* Products */;
			projectDirPath = "";
			projectRoot = "";
			targets = (
				4710466E2334FE030040E088 /* NousAssesmentProject */,
				471046822334FE060040E088 /* NousAssesmentProjectTests */,
			);
		};
/* End PBXProject section */

/* Begin PBXResourcesBuildPhase section */
		4710466D2334FE030040E088 /* Resources */ = {
			isa = PBXResourcesBuildPhase;
			buildActionMask = 2147483647;
			files = (
				4710467D2334FE060040E088 /* LaunchScreen.storyboard in Resources */,
				4710467A2334FE060040E088 /* Assets.xcassets in Resources */,
				470786142335095100A6D401 /* DetailCell.xib in Resources */,
			);
			runOnlyForDeploymentPostprocessing = 0;
		};
		471046812334FE060040E088 /* Resources */ = {
			isa = PBXResourcesBuildPhase;
			buildActionMask = 2147483647;
			files = (
			);
			runOnlyForDeploymentPostprocessing = 0;
		};
/* End PBXResourcesBuildPhase section */

/* Begin PBXShellScriptBuildPhase section */
		53542897017B9AB2B5506AD4 /* [CP] Check Pods Manifest.lock */ = {
			isa = PBXShellScriptBuildPhase;
			buildActionMask = 2147483647;
			files = (
			);
			inputFileListPaths = (
			);
			inputPaths = (
				"${PODS_PODFILE_DIR_PATH}/Podfile.lock",
				"${PODS_ROOT}/Manifest.lock",
			);
			name = "[CP] Check Pods Manifest.lock";
			outputFileListPaths = (
			);
			outputPaths = (
				"$(DERIVED_FILE_DIR)/Pods-NousAssesmentProject-checkManifestLockResult.txt",
			);
			runOnlyForDeploymentPostprocessing = 0;
			shellPath = /bin/sh;
			shellScript = "diff \"${PODS_PODFILE_DIR_PATH}/Podfile.lock\" \"${PODS_ROOT}/Manifest.lock\" > /dev/null\nif [ $? != 0 ] ; then\n    # print error to STDERR\n    echo \"error: The sandbox is not in sync with the Podfile.lock. Run 'pod install' or update your CocoaPods installation.\" >&2\n    exit 1\nfi\n# This output is used by Xcode 'outputs' to avoid re-running this script phase.\necho \"SUCCESS\" > \"${SCRIPT_OUTPUT_FILE_0}\"\n";
			showEnvVarsInLog = 0;
		};
		D005B724F148C82258E6178B /* [CP] Embed Pods Frameworks */ = {
			isa = PBXShellScriptBuildPhase;
			buildActionMask = 2147483647;
			files = (
			);
			inputFileListPaths = (
			);
			inputPaths = (
				"${SRCROOT}/Pods/Target Support Files/Pods-NousAssesmentProject/Pods-NousAssesmentProject-frameworks.sh",
				"${BUILT_PRODUCTS_DIR}/Kingfisher/Kingfisher.framework",
				"${BUILT_PRODUCTS_DIR}/RxCocoa/RxCocoa.framework",
				"${BUILT_PRODUCTS_DIR}/RxRelay/RxRelay.framework",
				"${BUILT_PRODUCTS_DIR}/RxSwift/RxSwift.framework",
			);
			name = "[CP] Embed Pods Frameworks";
			outputFileListPaths = (
			);
			outputPaths = (
				"${TARGET_BUILD_DIR}/${FRAMEWORKS_FOLDER_PATH}/Kingfisher.framework",
				"${TARGET_BUILD_DIR}/${FRAMEWORKS_FOLDER_PATH}/RxCocoa.framework",
				"${TARGET_BUILD_DIR}/${FRAMEWORKS_FOLDER_PATH}/RxRelay.framework",
				"${TARGET_BUILD_DIR}/${FRAMEWORKS_FOLDER_PATH}/RxSwift.framework",
			);
			runOnlyForDeploymentPostprocessing = 0;
			shellPath = /bin/sh;
			shellScript = "\"${SRCROOT}/Pods/Target Support Files/Pods-NousAssesmentProject/Pods-NousAssesmentProject-frameworks.sh\"\n";
			showEnvVarsInLog = 0;
		};
/* End PBXShellScriptBuildPhase section */

/* Begin PBXSourcesBuildPhase section */
		4710466B2334FE030040E088 /* Sources */ = {
			isa = PBXSourcesBuildPhase;
			buildActionMask = 2147483647;
			files = (
				471046752334FE030040E088 /* MainVC.swift in Sources */,
				4707860C2335085E00A6D401 /* NewsViewModel.swift in Sources */,
				470786132335095100A6D401 /* DetailCell.swift in Sources */,
				4707860E2335086600A6D401 /* News.swift in Sources */,
				47078610233508F900A6D401 /* NewsDetail.swift in Sources */,
				471046732334FE030040E088 /* AppDelegate.swift in Sources */,
			);
			runOnlyForDeploymentPostprocessing = 0;
		};
		4710467F2334FE060040E088 /* Sources */ = {
			isa = PBXSourcesBuildPhase;
			buildActionMask = 2147483647;
			files = (
			);
			runOnlyForDeploymentPostprocessing = 0;
		};
/* End PBXSourcesBuildPhase section */

/* Begin PBXTargetDependency section */
		471046852334FE060040E088 /* PBXTargetDependency */ = {
			isa = PBXTargetDependency;
			target = 4710466E2334FE030040E088 /* NousAssesmentProject */;
			targetProxy = 471046842334FE060040E088 /* PBXContainerItemProxy */;
		};
/* End PBXTargetDependency section */

/* Begin PBXVariantGroup section */
		4710467B2334FE060040E088 /* LaunchScreen.storyboard */ = {
			isa = PBXVariantGroup;
			children = (
				4710467C2334FE060040E088 /* Base */,
			);
			name = LaunchScreen.storyboard;
			sourceTree = "<group>";
		};
/* End PBXVariantGroup section */

/* Begin XCBuildConfiguration section */
		4710468A2334FE060040E088 /* Debug */ = {
			isa = XCBuildConfiguration;
			buildSettings = {
				ALWAYS_SEARCH_USER_PATHS = NO;
				CLANG_ANALYZER_NONNULL = YES;
				CLANG_ANALYZER_NUMBER_OBJECT_CONVERSION = YES_AGGRESSIVE;
				CLANG_CXX_LANGUAGE_STANDARD = "gnu++14";
				CLANG_CXX_LIBRARY = "libc++";
				CLANG_ENABLE_MODULES = YES;
				CLANG_ENABLE_OBJC_ARC = YES;
				CLANG_ENABLE_OBJC_WEAK = YES;
				CLANG_WARN_BLOCK_CAPTURE_AUTORELEASING = YES;
				CLANG_WARN_BOOL_CONVERSION = YES;
				CLANG_WARN_COMMA = YES;
				CLANG_WARN_CONSTANT_CONVERSION = YES;
				CLANG_WARN_DEPRECATED_OBJC_IMPLEMENTATIONS = YES;
				CLANG_WARN_DIRECT_OBJC_ISA_USAGE = YES_ERROR;
				CLANG_WARN_DOCUMENTATION_COMMENTS = YES;
				CLANG_WARN_EMPTY_BODY = YES;
				CLANG_WARN_ENUM_CONVERSION = YES;
				CLANG_WARN_INFINITE_RECURSION = YES;
				CLANG_WARN_INT_CONVERSION = YES;
				CLANG_WARN_NON_LITERAL_NULL_CONVERSION = YES;
				CLANG_WARN_OBJC_IMPLICIT_RETAIN_SELF = YES;
				CLANG_WARN_OBJC_LITERAL_CONVERSION = YES;
				CLANG_WARN_OBJC_ROOT_CLASS = YES_ERROR;
				CLANG_WARN_RANGE_LOOP_ANALYSIS = YES;
				CLANG_WARN_STRICT_PROTOTYPES = YES;
				CLANG_WARN_SUSPICIOUS_MOVE = YES;
				CLANG_WARN_UNGUARDED_AVAILABILITY = YES_AGGRESSIVE;
				CLANG_WARN_UNREACHABLE_CODE = YES;
				CLANG_WARN__DUPLICATE_METHOD_MATCH = YES;
				CODE_SIGN_IDENTITY = "iPhone Developer";
				COPY_PHASE_STRIP = NO;
				DEBUG_INFORMATION_FORMAT = dwarf;
				ENABLE_STRICT_OBJC_MSGSEND = YES;
				ENABLE_TESTABILITY = YES;
				GCC_C_LANGUAGE_STANDARD = gnu11;
				GCC_DYNAMIC_NO_PIC = NO;
				GCC_NO_COMMON_BLOCKS = YES;
				GCC_OPTIMIZATION_LEVEL = 0;
				GCC_PREPROCESSOR_DEFINITIONS = (
					"DEBUG=1",
					"$(inherited)",
				);
				GCC_WARN_64_TO_32_BIT_CONVERSION = YES;
				GCC_WARN_ABOUT_RETURN_TYPE = YES_ERROR;
				GCC_WARN_UNDECLARED_SELECTOR = YES;
				GCC_WARN_UNINITIALIZED_AUTOS = YES_AGGRESSIVE;
				GCC_WARN_UNUSED_FUNCTION = YES;
				GCC_WARN_UNUSED_VARIABLE = YES;
				IPHONEOS_DEPLOYMENT_TARGET = 12.1;
				MTL_ENABLE_DEBUG_INFO = INCLUDE_SOURCE;
				MTL_FAST_MATH = YES;
				ONLY_ACTIVE_ARCH = YES;
				SDKROOT = iphoneos;
				SWIFT_ACTIVE_COMPILATION_CONDITIONS = DEBUG;
				SWIFT_OPTIMIZATION_LEVEL = "-Onone";
			};
			name = Debug;
		};
		4710468B2334FE060040E088 /* Release */ = {
			isa = XCBuildConfiguration;
			buildSettings = {
				ALWAYS_SEARCH_USER_PATHS = NO;
				CLANG_ANALYZER_NONNULL = YES;
				CLANG_ANALYZER_NUMBER_OBJECT_CONVERSION = YES_AGGRESSIVE;
				CLANG_CXX_LANGUAGE_STANDARD = "gnu++14";
				CLANG_CXX_LIBRARY = "libc++";
				CLANG_ENABLE_MODULES = YES;
				CLANG_ENABLE_OBJC_ARC = YES;
				CLANG_ENABLE_OBJC_WEAK = YES;
				CLANG_WARN_BLOCK_CAPTURE_AUTORELEASING = YES;
				CLANG_WARN_BOOL_CONVERSION = YES;
				CLANG_WARN_COMMA = YES;
				CLANG_WARN_CONSTANT_CONVERSION = YES;
				CLANG_WARN_DEPRECATED_OBJC_IMPLEMENTATIONS = YES;
				CLANG_WARN_DIRECT_OBJC_ISA_USAGE = YES_ERROR;
				CLANG_WARN_DOCUMENTATION_COMMENTS = YES;
				CLANG_WARN_EMPTY_BODY = YES;
				CLANG_WARN_ENUM_CONVERSION = YES;
				CLANG_WARN_INFINITE_RECURSION = YES;
				CLANG_WARN_INT_CONVERSION = YES;
				CLANG_WARN_NON_LITERAL_NULL_CONVERSION = YES;
				CLANG_WARN_OBJC_IMPLICIT_RETAIN_SELF = YES;
				CLANG_WARN_OBJC_LITERAL_CONVERSION = YES;
				CLANG_WARN_OBJC_ROOT_CLASS = YES_ERROR;
				CLANG_WARN_RANGE_LOOP_ANALYSIS = YES;
				CLANG_WARN_STRICT_PROTOTYPES = YES;
				CLANG_WARN_SUSPICIOUS_MOVE = YES;
				CLANG_WARN_UNGUARDED_AVAILABILITY = YES_AGGRESSIVE;
				CLANG_WARN_UNREACHABLE_CODE = YES;
				CLANG_WARN__DUPLICATE_METHOD_MATCH = YES;
				CODE_SIGN_IDENTITY = "iPhone Developer";
				COPY_PHASE_STRIP = NO;
				DEBUG_INFORMATION_FORMAT = "dwarf-with-dsym";
				ENABLE_NS_ASSERTIONS = NO;
				ENABLE_STRICT_OBJC_MSGSEND = YES;
				GCC_C_LANGUAGE_STANDARD = gnu11;
				GCC_NO_COMMON_BLOCKS = YES;
				GCC_WARN_64_TO_32_BIT_CONVERSION = YES;
				GCC_WARN_ABOUT_RETURN_TYPE = YES_ERROR;
				GCC_WARN_UNDECLARED_SELECTOR = YES;
				GCC_WARN_UNINITIALIZED_AUTOS = YES_AGGRESSIVE;
				GCC_WARN_UNUSED_FUNCTION = YES;
				GCC_WARN_UNUSED_VARIABLE = YES;
				IPHONEOS_DEPLOYMENT_TARGET = 12.1;
				MTL_ENABLE_DEBUG_INFO = NO;
				MTL_FAST_MATH = YES;
				SDKROOT = iphoneos;
				SWIFT_COMPILATION_MODE = wholemodule;
				SWIFT_OPTIMIZATION_LEVEL = "-O";
				VALIDATE_PRODUCT = YES;
			};
			name = Release;
		};
		4710468D2334FE060040E088 /* Debug */ = {
			isa = XCBuildConfiguration;
			baseConfigurationReference = C3FDFA290145CBF8A9DA6C14 /* Pods-NousAssesmentProject.debug.xcconfig */;
			buildSettings = {
				ASSETCATALOG_COMPILER_APPICON_NAME = AppIcon;
				CODE_SIGN_STYLE = Automatic;
				DEVELOPMENT_TEAM = YC65TQLST9;
				INFOPLIST_FILE = NousAssesmentProject/Info.plist;
				LD_RUNPATH_SEARCH_PATHS = (
					"$(inherited)",
					"@executable_path/Frameworks",
				);
				PRODUCT_BUNDLE_IDENTIFIER = com.asa.NousAssesmentProject;
				PRODUCT_NAME = "$(TARGET_NAME)";
				SWIFT_VERSION = 5.0;
				TARGETED_DEVICE_FAMILY = "1,2";
			};
			name = Debug;
		};
		4710468E2334FE060040E088 /* Release */ = {
			isa = XCBuildConfiguration;
			baseConfigurationReference = FF7E45E0D2DCAA113D210E15 /* Pods-NousAssesmentProject.release.xcconfig */;
			buildSettings = {
				ASSETCATALOG_COMPILER_APPICON_NAME = AppIcon;
				CODE_SIGN_STYLE = Automatic;
				DEVELOPMENT_TEAM = YC65TQLST9;
				INFOPLIST_FILE = NousAssesmentProject/Info.plist;
				LD_RUNPATH_SEARCH_PATHS = (
					"$(inherited)",
					"@executable_path/Frameworks",
				);
				PRODUCT_BUNDLE_IDENTIFIER = com.asa.NousAssesmentProject;
				PRODUCT_NAME = "$(TARGET_NAME)";
				SWIFT_VERSION = 5.0;
				TARGETED_DEVICE_FAMILY = "1,2";
			};
			name = Release;
		};
		471046902334FE060040E088 /* Debug */ = {
			isa = XCBuildConfiguration;
			buildSettings = {
				ALWAYS_EMBED_SWIFT_STANDARD_LIBRARIES = YES;
				BUNDLE_LOADER = "$(TEST_HOST)";
				CODE_SIGN_STYLE = Automatic;
				INFOPLIST_FILE = NousAssesmentProjectTests/Info.plist;
				LD_RUNPATH_SEARCH_PATHS = (
					"$(inherited)",
					"@executable_path/Frameworks",
					"@loader_path/Frameworks",
				);
				PRODUCT_BUNDLE_IDENTIFIER = com.asa.NousAssesmentProjectTests;
				PRODUCT_NAME = "$(TARGET_NAME)";
				SWIFT_VERSION = 5.0;
				TARGETED_DEVICE_FAMILY = "1,2";
				TEST_HOST = "$(BUILT_PRODUCTS_DIR)/NousAssesmentProject.app/NousAssesmentProject";
			};
			name = Debug;
		};
		471046912334FE060040E088 /* Release */ = {
			isa = XCBuildConfiguration;
			buildSettings = {
				ALWAYS_EMBED_SWIFT_STANDARD_LIBRARIES = YES;
				BUNDLE_LOADER = "$(TEST_HOST)";
				CODE_SIGN_STYLE = Automatic;
				INFOPLIST_FILE = NousAssesmentProjectTests/Info.plist;
				LD_RUNPATH_SEARCH_PATHS = (
					"$(inherited)",
					"@executable_path/Frameworks",
					"@loader_path/Frameworks",
				);
				PRODUCT_BUNDLE_IDENTIFIER = com.asa.NousAssesmentProjectTests;
				PRODUCT_NAME = "$(TARGET_NAME)";
				SWIFT_VERSION = 5.0;
				TARGETED_DEVICE_FAMILY = "1,2";
				TEST_HOST = "$(BUILT_PRODUCTS_DIR)/NousAssesmentProject.app/NousAssesmentProject";
			};
			name = Release;
		};
/* End XCBuildConfiguration section */

/* Begin XCConfigurationList section */
		4710466A2334FE030040E088 /* Build configuration list for PBXProject "NousAssesmentProject" */ = {
			isa = XCConfigurationList;
			buildConfigurations = (
				4710468A2334FE060040E088 /* Debug */,
				4710468B2334FE060040E088 /* Release */,
			);
			defaultConfigurationIsVisible = 0;
			defaultConfigurationName = Release;
		};
		4710468C2334FE060040E088 /* Build configuration list for PBXNativeTarget "NousAssesmentProject" */ = {
			isa = XCConfigurationList;
			buildConfigurations = (
				4710468D2334FE060040E088 /* Debug */,
				4710468E2334FE060040E088 /* Release */,
			);
			defaultConfigurationIsVisible = 0;
			defaultConfigurationName = Release;
		};
		4710468F2334FE060040E088 /* Build configuration list for PBXNativeTarget "NousAssesmentProjectTests" */ = {
			isa = XCConfigurationList;
			buildConfigurations = (
				471046902334FE060040E088 /* Debug */,
				471046912334FE060040E088 /* Release */,
			);
			defaultConfigurationIsVisible = 0;
			defaultConfigurationName = Release;
		};
/* End XCConfigurationList section */
	};
	rootObject = 471046672334FE030040E088 /* Project object */;
}
